<?xml version="1.0" encoding="utf-8"?>
<Project ToolsVersion="14.0" xmlns="http://schemas.microsoft.com/developer/msbuild/2003">
  <ItemGroup>
    <Filter Include="Common">
      <UniqueIdentifier>7511f7f8-7792-47c4-a5b3-6fedf18cc128</UniqueIdentifier>
    </Filter>
    <Filter Include="Assets">
      <UniqueIdentifier>beb9624f-c494-46f0-b172-a3f12ac44b5e</UniqueIdentifier>
      <Extensions>bmp;fbx;gif;jpg;jpeg;tga;tiff;tif;png</Extensions>
    </Filter>
    <Filter Include="CoreGA">
      <UniqueIdentifier>{ede332fa-f1ff-42ec-ad71-9c73b7b0953b}</UniqueIdentifier>
    </Filter>
  </ItemGroup>
  <ItemGroup>
    <ApplicationDefinition Include="App.xaml" />
  </ItemGroup>
  <ItemGroup>
    <ClCompile Include="App.xaml.cpp" />
    <ClCompile Include="MainPage.xaml.cpp" />
    <ClCompile Include="pch.cpp" />
    <ClCompile Include="Source.cpp" />
  </ItemGroup>
  <ItemGroup>
    <ClInclude Include="pch.h" />
    <ClInclude Include="App.xaml.h" />
    <ClInclude Include="MainPage.xaml.h" />
    <ClInclude Include="Population.h">
      <Filter>CoreGA</Filter>
    </ClInclude>
    <ClInclude Include="Gene.h">
      <Filter>CoreGA</Filter>
    </ClInclude>
    <ClInclude Include="Genotype.h">
      <Filter>CoreGA</Filter>
    </ClInclude>
    <ClInclude Include="Selection.h">
      <Filter>CoreGA</Filter>
    </ClInclude>
    <ClInclude Include="Recombination.h">
      <Filter>CoreGA</Filter>
    </ClInclude>
    <ClInclude Include="Select_In_Population.h">
      <Filter>CoreGA</Filter>
    </ClInclude>
    <ClInclude Include="Source.h" />
    <ClInclude Include="Fit_Fun.h" />
    <ClInclude Include="Mutation.h" />
  </ItemGroup>
  <ItemGroup>
    <Image Include="Assets\LockScreenLogo.scale-200.png">
      <Filter>Assets</Filter>
    </Image>
    <Image Include="Assets\SplashScreen.scale-200.png">
      <Filter>Assets</Filter>
    </Image>
    <Image Include="Assets\Square150x150Logo.scale-200.png">
      <Filter>Assets</Filter>
    </Image>
    <Image Include="Assets\Square44x44Logo.scale-200.png">
      <Filter>Assets</Filter>
    </Image>
    <Image Include="Assets\Square44x44Logo.targetsize-24_altform-unplated.png">
      <Filter>Assets</Filter>
    </Image>
    <Image Include="Assets\StoreLogo.png">
      <Filter>Assets</Filter>
    </Image>
    <Image Include="Assets\Wide310x150Logo.scale-200.png">
      <Filter>Assets</Filter>
    </Image>
  </ItemGroup>
  <ItemGroup>
    <AppxManifest Include="Package.appxmanifest" />
  </ItemGroup>
  <ItemGroup>
    <None Include="GA_TemporaryKey.pfx" />
  </ItemGroup>
  <ItemGroup>
    <Page Include="MainPage.xaml" />
  </ItemGroup>
</Project>